Microsoft Visual Studio Solution File, Format Version 12.00
# Visual Studio Version 16
VisualStudioVersion = 16.0.0.0
MinimumVisualStudioVersion = 16.0.0.0
Project("{9A19103F-16F7-4668-BE54-9A1E7A4F7556}") = "TestHosted.Server", "TestHosted.Server\TestHosted.Server.csproj", "{4CEAE1E8-F0D7-4797-B0E4-F9B2E0080150}"
EndProject
Project("{9A19103F-16F7-4668-BE54-9A1E7A4F7556}") = "TestHosted.Client", "TestHosted.Client\TestHosted.Client.csproj", "{2273A7A9-21FC-47FE-AFF7-8934C46C947F}"
EndProject
Project("{9A19103F-16F7-4668-BE54-9A1E7A4F7556}") = "TestHosted.Shared", "TestHosted.Shared\TestHosted.Shared.csproj", "{8FB6DF1E-6381-4FD0-BAFA-C91EDDF191FD}"
EndProject
Global
	GlobalSection(SolutionConfigurationPlatforms) = preSolution
		Debug|Any CPU = Debug|Any CPU
		Debug|x64 = Debug|x64
		Debug|x86 = Debug|x86
		Release|Any CPU = Release|Any CPU
		Release|x64 = Release|x64
		Release|x86 = Release|x86
	EndGlobalSection
	GlobalSection(ProjectConfigurationPlatforms) = postSolution
		{2273A7A9-21FC-47FE-AFF7-8934C46C947F}.Debug|Any CPU.ActiveCfg = Debug|Any CPU
		{2273A7A9-21FC-47FE-AFF7-8934C46C947F}.Debug|Any CPU.Build.0 = Debug|Any CPU
		{2273A7A9-21FC-47FE-AFF7-8934C46C947F}.Debug|x64.ActiveCfg = Debug|Any CPU
		{2273A7A9-21FC-47FE-AFF7-8934C46C947F}.Debug|x64.Build.0 = Debug|Any CPU
		{2273A7A9-21FC-47FE-AFF7-8934C46C947F}.Debug|x86.ActiveCfg = Debug|Any CPU
		{2273A7A9-21FC-47FE-AFF7-8934C46C947F}.Debug|x86.Build.0 = Debug|Any CPU
		{2273A7A9-21FC-47FE-AFF7-8934C46C947F}.Release|Any CPU.ActiveCfg = Release|Any CPU
		{2273A7A9-21FC-47FE-AFF7-8934C46C947F}.Release|Any CPU.Build.0 = Release|Any CPU
		{2273A7A9-21FC-47FE-AFF7-8934C46C947F}.Release|x64.ActiveCfg = Release|Any CPU
		{2273A7A9-21FC-47FE-AFF7-8934C46C947F}.Release|x64.Build.0 = Release|Any CPU
		{2273A7A9-21FC-47FE-AFF7-8934C46C947F}.Release|x86.ActiveCfg = Release|Any CPU
		{2273A7A9-21FC-47FE-AFF7-8934C46C947F}.Release|x86.Build.0 = Release|Any CPU
		{4CEAE1E8-F0D7-4797-B0E4-F9B2E0080150}.Debug|Any CPU.ActiveCfg = Debug|Any CPU
		{4CEAE1E8-F0D7-4797-B0E4-F9B2E0080150}.Debug|Any CPU.Build.0 = Debug|Any CPU
		{4CEAE1E8-F0D7-4797-B0E4-F9B2E0080150}.Debug|x64.ActiveCfg = Debug|Any CPU
		{4CEAE1E8-F0D7-4797-B0E4-F9B2E0080150}.Debug|x64.Build.0 = Debug|Any CPU
		{4CEAE1E8-F0D7-4797-B0E4-F9B2E0080150}.Debug|x86.ActiveCfg = Debug|Any CPU
		{4CEAE1E8-F0D7-4797-B0E4-F9B2E0080150}.Debug|x86.Build.0 = Debug|Any CPU
		{4CEAE1E8-F0D7-4797-B0E4-F9B2E0080150}.Release|Any CPU.ActiveCfg = Release|Any CPU
		{4CEAE1E8-F0D7-4797-B0E4-F9B2E0080150}.Release|Any CPU.Build.0 = Release|Any CPU
		{4CEAE1E8-F0D7-4797-B0E4-F9B2E0080150}.Release|x64.ActiveCfg = Release|Any CPU
		{4CEAE1E8-F0D7-4797-B0E4-F9B2E0080150}.Release|x64.Build.0 = Release|Any CPU
		{4CEAE1E8-F0D7-4797-B0E4-F9B2E0080150}.Release|x86.ActiveCfg = Release|Any CPU
		{4CEAE1E8-F0D7-4797-B0E4-F9B2E0080150}.Release|x86.Build.0 = Release|Any CPU
		{8FB6DF1E-6381-4FD0-BAFA-C91EDDF191FD}.Debug|Any CPU.ActiveCfg = Debug|Any CPU
		{8FB6DF1E-6381-4FD0-BAFA-C91EDDF191FD}.Debug|Any CPU.Build.0 = Debug|Any CPU
		{8FB6DF1E-6381-4FD0-BAFA-C91EDDF191FD}.Debug|x64.ActiveCfg = Debug|Any CPU
		{8FB6DF1E-6381-4FD0-BAFA-C91EDDF191FD}.Debug|x64.Build.0 = Debug|Any CPU
		{8FB6DF1E-6381-4FD0-BAFA-C91EDDF191FD}.Debug|x86.ActiveCfg = Debug|Any CPU
		{8FB6DF1E-6381-4FD0-BAFA-C91EDDF191FD}.Debug|x86.Build.0 = Debug|Any CPU
		{8FB6DF1E-6381-4FD0-BAFA-C91EDDF191FD}.Release|Any CPU.ActiveCfg = Release|Any CPU
		{8FB6DF1E-6381-4FD0-BAFA-C91EDDF191FD}.Release|Any CPU.Build.0 = Release|Any CPU
		{8FB6DF1E-6381-4FD0-BAFA-C91EDDF191FD}.Release|x64.ActiveCfg = Release|Any CPU
		{8FB6DF1E-6381-4FD0-BAFA-C91EDDF191FD}.Release|x64.Build.0 = Release|Any CPU
		{8FB6DF1E-6381-4FD0-BAFA-C91EDDF191FD}.Release|x86.ActiveCfg = Release|Any CPU
		{8FB6DF1E-6381-4FD0-BAFA-C91EDDF191FD}.Release|x86.Build.0 = Release|Any CPU
	EndGlobalSection
	GlobalSection(SolutionProperties) = preSolution
		HideSolutionNode = FALSE
	EndGlobalSection
	GlobalSection(ExtensibilityGlobals) = postSolution
		SolutionGuid = {DB9AD4A1-8C7D-4AF0-979E-1A65FB5B9B85}
	EndGlobalSection
EndGlobal
