
Microsoft Visual Studio Solution File, Format Version 12.00
# Visual Studio Version 16
VisualStudioVersion = 16.0.28803.452
MinimumVisualStudioVersion = 15.0.26124.0
Project("{9A19103F-16F7-4668-BE54-9A1E7A4F7556}") = "Fritz.ResourceManagement.Web", "Fritz.ResourceManagement.Web\Fritz.ResourceManagement.Web.csproj", "{39B598D5-D1C1-423E-88CA-AA59232C1856}"
EndProject
Project("{9A19103F-16F7-4668-BE54-9A1E7A4F7556}") = "Fritz.ResourceManagement.Domain", "Fritz.ResourceManagement.Domain\Fritz.ResourceManagement.Domain.csproj", "{97AF0ABF-17F2-48F8-8466-61883CDF9FED}"
EndProject
Project("{9A19103F-16F7-4668-BE54-9A1E7A4F7556}") = "Fritz.ResourceManagement.Scheduling", "Fritz.ResourceManagement.Scheduling\Fritz.ResourceManagement.Scheduling.csproj", "{6EBE3A43-707B-4E01-A154-863D072FDF29}"
EndProject
Project("{9A19103F-16F7-4668-BE54-9A1E7A4F7556}") = "Test.Scheduling", "Test.Scheduling\Test.Scheduling.csproj", "{F1791DD3-FC59-441A-9C42-5176D3D1FB67}"
EndProject
Project("{2150E333-8FDC-42A3-9474-1A3956D46DE8}") = "Solution Items", "Solution Items", "{02542A59-45AF-4A86-9CF0-16B2B58B5E5F}"
	ProjectSection(SolutionItems) = preProject
		Test.Scheduling\.editorconfig = Test.Scheduling\.editorconfig
		Directory.Build.props = Directory.Build.props
	EndProjectSection
EndProject
Project("{9A19103F-16F7-4668-BE54-9A1E7A4F7556}") = "Fritz.ResourceManagement.WebClient", "Fritz.ResourceManagement.WebClient\Fritz.ResourceManagement.WebClient.csproj", "{A32A4E88-D3EC-444C-AAE5-DE31F3FC6143}"
EndProject
Project("{2150E333-8FDC-42A3-9474-1A3956D46DE8}") = "Build", "Build", "{0FB1D4B6-20CA-4737-8E73-CE9BCA6ACE9E}"
EndProject
Project("{2150E333-8FDC-42A3-9474-1A3956D46DE8}") = "props", "props", "{B2181174-A064-415C-A565-9E97EB9DE27A}"
	ProjectSection(SolutionItems) = preProject
		Build\props\Project.BuildProperties.props = Build\props\Project.BuildProperties.props
	EndProjectSection
EndProject
Global
	GlobalSection(SolutionConfigurationPlatforms) = preSolution
		Debug|Any CPU = Debug|Any CPU
		Debug|x64 = Debug|x64
		Debug|x86 = Debug|x86
		Release|Any CPU = Release|Any CPU
		Release|x64 = Release|x64
		Release|x86 = Release|x86
	EndGlobalSection
	GlobalSection(ProjectConfigurationPlatforms) = postSolution
		{39B598D5-D1C1-423E-88CA-AA59232C1856}.Debug|Any CPU.ActiveCfg = Debug|Any CPU
		{39B598D5-D1C1-423E-88CA-AA59232C1856}.Debug|Any CPU.Build.0 = Debug|Any CPU
		{39B598D5-D1C1-423E-88CA-AA59232C1856}.Debug|x64.ActiveCfg = Debug|Any CPU
		{39B598D5-D1C1-423E-88CA-AA59232C1856}.Debug|x64.Build.0 = Debug|Any CPU
		{39B598D5-D1C1-423E-88CA-AA59232C1856}.Debug|x86.ActiveCfg = Debug|Any CPU
		{39B598D5-D1C1-423E-88CA-AA59232C1856}.Debug|x86.Build.0 = Debug|Any CPU
		{39B598D5-D1C1-423E-88CA-AA59232C1856}.Release|Any CPU.ActiveCfg = Release|Any CPU
		{39B598D5-D1C1-423E-88CA-AA59232C1856}.Release|Any CPU.Build.0 = Release|Any CPU
		{39B598D5-D1C1-423E-88CA-AA59232C1856}.Release|x64.ActiveCfg = Release|Any CPU
		{39B598D5-D1C1-423E-88CA-AA59232C1856}.Release|x64.Build.0 = Release|Any CPU
		{39B598D5-D1C1-423E-88CA-AA59232C1856}.Release|x86.ActiveCfg = Release|Any CPU
		{39B598D5-D1C1-423E-88CA-AA59232C1856}.Release|x86.Build.0 = Release|Any CPU
		{97AF0ABF-17F2-48F8-8466-61883CDF9FED}.Debug|Any CPU.ActiveCfg = Debug|Any CPU
		{97AF0ABF-17F2-48F8-8466-61883CDF9FED}.Debug|Any CPU.Build.0 = Debug|Any CPU
		{97AF0ABF-17F2-48F8-8466-61883CDF9FED}.Debug|x64.ActiveCfg = Debug|Any CPU
		{97AF0ABF-17F2-48F8-8466-61883CDF9FED}.Debug|x64.Build.0 = Debug|Any CPU
		{97AF0ABF-17F2-48F8-8466-61883CDF9FED}.Debug|x86.ActiveCfg = Debug|Any CPU
		{97AF0ABF-17F2-48F8-8466-61883CDF9FED}.Debug|x86.Build.0 = Debug|Any CPU
		{97AF0ABF-17F2-48F8-8466-61883CDF9FED}.Release|Any CPU.ActiveCfg = Release|Any CPU
		{97AF0ABF-17F2-48F8-8466-61883CDF9FED}.Release|Any CPU.Build.0 = Release|Any CPU
		{97AF0ABF-17F2-48F8-8466-61883CDF9FED}.Release|x64.ActiveCfg = Release|Any CPU
		{97AF0ABF-17F2-48F8-8466-61883CDF9FED}.Release|x64.Build.0 = Release|Any CPU
		{97AF0ABF-17F2-48F8-8466-61883CDF9FED}.Release|x86.ActiveCfg = Release|Any CPU
		{97AF0ABF-17F2-48F8-8466-61883CDF9FED}.Release|x86.Build.0 = Release|Any CPU
		{6EBE3A43-707B-4E01-A154-863D072FDF29}.Debug|Any CPU.ActiveCfg = Debug|Any CPU
		{6EBE3A43-707B-4E01-A154-863D072FDF29}.Debug|Any CPU.Build.0 = Debug|Any CPU
		{6EBE3A43-707B-4E01-A154-863D072FDF29}.Debug|x64.ActiveCfg = Debug|Any CPU
		{6EBE3A43-707B-4E01-A154-863D072FDF29}.Debug|x64.Build.0 = Debug|Any CPU
		{6EBE3A43-707B-4E01-A154-863D072FDF29}.Debug|x86.ActiveCfg = Debug|Any CPU
		{6EBE3A43-707B-4E01-A154-863D072FDF29}.Debug|x86.Build.0 = Debug|Any CPU
		{6EBE3A43-707B-4E01-A154-863D072FDF29}.Release|Any CPU.ActiveCfg = Release|Any CPU
		{6EBE3A43-707B-4E01-A154-863D072FDF29}.Release|Any CPU.Build.0 = Release|Any CPU
		{6EBE3A43-707B-4E01-A154-863D072FDF29}.Release|x64.ActiveCfg = Release|Any CPU
		{6EBE3A43-707B-4E01-A154-863D072FDF29}.Release|x64.Build.0 = Release|Any CPU
		{6EBE3A43-707B-4E01-A154-863D072FDF29}.Release|x86.ActiveCfg = Release|Any CPU
		{6EBE3A43-707B-4E01-A154-863D072FDF29}.Release|x86.Build.0 = Release|Any CPU
		{F1791DD3-FC59-441A-9C42-5176D3D1FB67}.Debug|Any CPU.ActiveCfg = Debug|Any CPU
		{F1791DD3-FC59-441A-9C42-5176D3D1FB67}.Debug|Any CPU.Build.0 = Debug|Any CPU
		{F1791DD3-FC59-441A-9C42-5176D3D1FB67}.Debug|x64.ActiveCfg = Debug|Any CPU
		{F1791DD3-FC59-441A-9C42-5176D3D1FB67}.Debug|x64.Build.0 = Debug|Any CPU
		{F1791DD3-FC59-441A-9C42-5176D3D1FB67}.Debug|x86.ActiveCfg = Debug|Any CPU
		{F1791DD3-FC59-441A-9C42-5176D3D1FB67}.Debug|x86.Build.0 = Debug|Any CPU
		{F1791DD3-FC59-441A-9C42-5176D3D1FB67}.Release|Any CPU.ActiveCfg = Release|Any CPU
		{F1791DD3-FC59-441A-9C42-5176D3D1FB67}.Release|Any CPU.Build.0 = Release|Any CPU
		{F1791DD3-FC59-441A-9C42-5176D3D1FB67}.Release|x64.ActiveCfg = Release|Any CPU
		{F1791DD3-FC59-441A-9C42-5176D3D1FB67}.Release|x64.Build.0 = Release|Any CPU
		{F1791DD3-FC59-441A-9C42-5176D3D1FB67}.Release|x86.ActiveCfg = Release|Any CPU
		{F1791DD3-FC59-441A-9C42-5176D3D1FB67}.Release|x86.Build.0 = Release|Any CPU
		{A32A4E88-D3EC-444C-AAE5-DE31F3FC6143}.Debug|Any CPU.ActiveCfg = Debug|Any CPU
		{A32A4E88-D3EC-444C-AAE5-DE31F3FC6143}.Debug|Any CPU.Build.0 = Debug|Any CPU
		{A32A4E88-D3EC-444C-AAE5-DE31F3FC6143}.Debug|x64.ActiveCfg = Debug|Any CPU
		{A32A4E88-D3EC-444C-AAE5-DE31F3FC6143}.Debug|x64.Build.0 = Debug|Any CPU
		{A32A4E88-D3EC-444C-AAE5-DE31F3FC6143}.Debug|x86.ActiveCfg = Debug|Any CPU
		{A32A4E88-D3EC-444C-AAE5-DE31F3FC6143}.Debug|x86.Build.0 = Debug|Any CPU
		{A32A4E88-D3EC-444C-AAE5-DE31F3FC6143}.Release|Any CPU.ActiveCfg = Release|Any CPU
		{A32A4E88-D3EC-444C-AAE5-DE31F3FC6143}.Release|Any CPU.Build.0 = Release|Any CPU
		{A32A4E88-D3EC-444C-AAE5-DE31F3FC6143}.Release|x64.ActiveCfg = Release|Any CPU
		{A32A4E88-D3EC-444C-AAE5-DE31F3FC6143}.Release|x64.Build.0 = Release|Any CPU
		{A32A4E88-D3EC-444C-AAE5-DE31F3FC6143}.Release|x86.ActiveCfg = Release|Any CPU
		{A32A4E88-D3EC-444C-AAE5-DE31F3FC6143}.Release|x86.Build.0 = Release|Any CPU
	EndGlobalSection
	GlobalSection(SolutionProperties) = preSolution
		HideSolutionNode = FALSE
	EndGlobalSection
	GlobalSection(NestedProjects) = preSolution
		{0FB1D4B6-20CA-4737-8E73-CE9BCA6ACE9E} = {02542A59-45AF-4A86-9CF0-16B2B58B5E5F}
		{B2181174-A064-415C-A565-9E97EB9DE27A} = {0FB1D4B6-20CA-4737-8E73-CE9BCA6ACE9E}
	EndGlobalSection
	GlobalSection(ExtensibilityGlobals) = postSolution
		SolutionGuid = {26421E1D-5727-463D-911D-9B67A6702FDF}
	EndGlobalSection
EndGlobal
