
Microsoft Visual Studio Solution File, Format Version 12.00
# Visual Studio 15
VisualStudioVersion = 15.0.26124.0
MinimumVisualStudioVersion = 15.0.26124.0
Project("{FAE04EC0-301F-11D3-BF4B-00C04F79EFBC}") = "Fritz.ResourceManagement.Web", "Fritz.ResourceManagement.Web\Fritz.ResourceManagement.Web.csproj", "{39B598D5-D1C1-423E-88CA-AA59232C1856}"
EndProject
Project("{FAE04EC0-301F-11D3-BF4B-00C04F79EFBC}") = "Fritz.ResourceManagement.Domain", "Fritz.ResourceManagement.Domain\Fritz.ResourceManagement.Domain.csproj", "{97AF0ABF-17F2-48F8-8466-61883CDF9FED}"
EndProject
Global
	GlobalSection(SolutionConfigurationPlatforms) = preSolution
		Debug|Any CPU = Debug|Any CPU
		Debug|x64 = Debug|x64
		Debug|x86 = Debug|x86
		Release|Any CPU = Release|Any CPU
		Release|x64 = Release|x64
		Release|x86 = Release|x86
	EndGlobalSection
	GlobalSection(SolutionProperties) = preSolution
		HideSolutionNode = FALSE
	EndGlobalSection
	GlobalSection(ProjectConfigurationPlatforms) = postSolution
		{39B598D5-D1C1-423E-88CA-AA59232C1856}.Debug|Any CPU.ActiveCfg = Debug|Any CPU
		{39B598D5-D1C1-423E-88CA-AA59232C1856}.Debug|Any CPU.Build.0 = Debug|Any CPU
		{39B598D5-D1C1-423E-88CA-AA59232C1856}.Debug|x64.ActiveCfg = Debug|Any CPU
		{39B598D5-D1C1-423E-88CA-AA59232C1856}.Debug|x64.Build.0 = Debug|Any CPU
		{39B598D5-D1C1-423E-88CA-AA59232C1856}.Debug|x86.ActiveCfg = Debug|Any CPU
		{39B598D5-D1C1-423E-88CA-AA59232C1856}.Debug|x86.Build.0 = Debug|Any CPU
		{39B598D5-D1C1-423E-88CA-AA59232C1856}.Release|Any CPU.ActiveCfg = Release|Any CPU
		{39B598D5-D1C1-423E-88CA-AA59232C1856}.Release|Any CPU.Build.0 = Release|Any CPU
		{39B598D5-D1C1-423E-88CA-AA59232C1856}.Release|x64.ActiveCfg = Release|Any CPU
		{39B598D5-D1C1-423E-88CA-AA59232C1856}.Release|x64.Build.0 = Release|Any CPU
		{39B598D5-D1C1-423E-88CA-AA59232C1856}.Release|x86.ActiveCfg = Release|Any CPU
		{39B598D5-D1C1-423E-88CA-AA59232C1856}.Release|x86.Build.0 = Release|Any CPU
		{97AF0ABF-17F2-48F8-8466-61883CDF9FED}.Debug|Any CPU.ActiveCfg = Debug|Any CPU
		{97AF0ABF-17F2-48F8-8466-61883CDF9FED}.Debug|Any CPU.Build.0 = Debug|Any CPU
		{97AF0ABF-17F2-48F8-8466-61883CDF9FED}.Debug|x64.ActiveCfg = Debug|Any CPU
		{97AF0ABF-17F2-48F8-8466-61883CDF9FED}.Debug|x64.Build.0 = Debug|Any CPU
		{97AF0ABF-17F2-48F8-8466-61883CDF9FED}.Debug|x86.ActiveCfg = Debug|Any CPU
		{97AF0ABF-17F2-48F8-8466-61883CDF9FED}.Debug|x86.Build.0 = Debug|Any CPU
		{97AF0ABF-17F2-48F8-8466-61883CDF9FED}.Release|Any CPU.ActiveCfg = Release|Any CPU
		{97AF0ABF-17F2-48F8-8466-61883CDF9FED}.Release|Any CPU.Build.0 = Release|Any CPU
		{97AF0ABF-17F2-48F8-8466-61883CDF9FED}.Release|x64.ActiveCfg = Release|Any CPU
		{97AF0ABF-17F2-48F8-8466-61883CDF9FED}.Release|x64.Build.0 = Release|Any CPU
		{97AF0ABF-17F2-48F8-8466-61883CDF9FED}.Release|x86.ActiveCfg = Release|Any CPU
		{97AF0ABF-17F2-48F8-8466-61883CDF9FED}.Release|x86.Build.0 = Release|Any CPU
	EndGlobalSection
EndGlobal
